
Microsoft Visual Studio Solution File, Format Version 12.00
# Visual Studio 14
VisualStudioVersion = 14.0.25420.1
MinimumVisualStudioVersion = 10.0.40219.1
Project("{FAE04EC0-301F-11D3-BF4B-00C04F79EFBC}") = "TicTacToe", "TicTacToe\TicTacToe.csproj", "{28381766-20D0-4416-BE77-9B92A69569F8}"
EndProject
Project("{FAE04EC0-301F-11D3-BF4B-00C04F79EFBC}") = "TicTacToe.Test", "TicTacToe.Test\TicTacToe.Test.csproj", "{3BA3AEDC-D6CB-41C7-B13D-9FD83D73DFE3}"
EndProject
Project("{FAE04EC0-301F-11D3-BF4B-00C04F79EFBC}") = "TicTacToe.Console", "TicTacToe.Console\TicTacToe.Console.csproj", "{CF59FEC0-30ED-499D-ADBF-1B17F200D57F}"
EndProject
Project("{FAE04EC0-301F-11D3-BF4B-00C04F79EFBC}") = "TicTacToe.Console.Test", "TicTacToe.Console.Test\TicTacToe.Console.Test.csproj", "{3FD280F8-905E-46D4-AE1A-27C8174C0574}"
EndProject
Global
	GlobalSection(SolutionConfigurationPlatforms) = preSolution
		Debug|Any CPU = Debug|Any CPU
		Release|Any CPU = Release|Any CPU
	EndGlobalSection
	GlobalSection(ProjectConfigurationPlatforms) = postSolution
		{28381766-20D0-4416-BE77-9B92A69569F8}.Debug|Any CPU.ActiveCfg = Debug|Any CPU
		{28381766-20D0-4416-BE77-9B92A69569F8}.Debug|Any CPU.Build.0 = Debug|Any CPU
		{28381766-20D0-4416-BE77-9B92A69569F8}.Release|Any CPU.ActiveCfg = Release|Any CPU
		{28381766-20D0-4416-BE77-9B92A69569F8}.Release|Any CPU.Build.0 = Release|Any CPU
		{3BA3AEDC-D6CB-41C7-B13D-9FD83D73DFE3}.Debug|Any CPU.ActiveCfg = Debug|Any CPU
		{3BA3AEDC-D6CB-41C7-B13D-9FD83D73DFE3}.Debug|Any CPU.Build.0 = Debug|Any CPU
		{3BA3AEDC-D6CB-41C7-B13D-9FD83D73DFE3}.Release|Any CPU.ActiveCfg = Release|Any CPU
		{3BA3AEDC-D6CB-41C7-B13D-9FD83D73DFE3}.Release|Any CPU.Build.0 = Release|Any CPU
		{CF59FEC0-30ED-499D-ADBF-1B17F200D57F}.Debug|Any CPU.ActiveCfg = Debug|Any CPU
		{CF59FEC0-30ED-499D-ADBF-1B17F200D57F}.Debug|Any CPU.Build.0 = Debug|Any CPU
		{CF59FEC0-30ED-499D-ADBF-1B17F200D57F}.Release|Any CPU.ActiveCfg = Release|Any CPU
		{CF59FEC0-30ED-499D-ADBF-1B17F200D57F}.Release|Any CPU.Build.0 = Release|Any CPU
		{3FD280F8-905E-46D4-AE1A-27C8174C0574}.Debug|Any CPU.ActiveCfg = Debug|Any CPU
		{3FD280F8-905E-46D4-AE1A-27C8174C0574}.Debug|Any CPU.Build.0 = Debug|Any CPU
		{3FD280F8-905E-46D4-AE1A-27C8174C0574}.Release|Any CPU.ActiveCfg = Release|Any CPU
		{3FD280F8-905E-46D4-AE1A-27C8174C0574}.Release|Any CPU.Build.0 = Release|Any CPU
	EndGlobalSection
	GlobalSection(SolutionProperties) = preSolution
		HideSolutionNode = FALSE
	EndGlobalSection
EndGlobal
